<?xml version="1.0" encoding="utf-8"?>
<Project ToolsVersion="4.0" xmlns="http://schemas.microsoft.com/developer/msbuild/2003">
  <ItemGroup>
    <Filter Include="소스 파일">
      <UniqueIdentifier>{4FC737F1-C7A5-4376-A066-2A32D752A2FF}</UniqueIdentifier>
      <Extensions>cpp;c;cc;cxx;c++;def;odl;idl;hpj;bat;asm;asmx</Extensions>
    </Filter>
    <Filter Include="헤더 파일">
      <UniqueIdentifier>{93995380-89BD-4b04-88EB-625FBE52EBFB}</UniqueIdentifier>
      <Extensions>h;hh;hpp;hxx;h++;hm;inl;inc;ipp;xsd</Extensions>
    </Filter>
    <Filter Include="리소스 파일">
      <UniqueIdentifier>{67DA6AB6-F800-4c08-8B7A-83BB121AAD01}</UniqueIdentifier>
      <Extensions>rc;ico;cur;bmp;dlg;rc2;rct;bin;rgs;gif;jpg;jpeg;jpe;resx;tiff;tif;png;wav;mfcribbon-ms</Extensions>
    </Filter>
    <Filter Include="소스 파일\Lecture">
      <UniqueIdentifier>{ef122e4e-fda3-4035-ac19-6a9a9d70179f}</UniqueIdentifier>
    </Filter>
    <Filter Include="소스 파일\BaekJoon">
      <UniqueIdentifier>{e79b308e-0d2e-4fba-a9e9-22d201f1c286}</UniqueIdentifier>
    </Filter>
  </ItemGroup>
  <ItemGroup>
    <ClCompile Include="selection_sort.cpp">
      <Filter>소스 파일\Lecture</Filter>
    </ClCompile>
    <ClCompile Include="insertion_sort.c">
      <Filter>소스 파일\Lecture</Filter>
    </ClCompile>
    <ClCompile Include="보물.c">
      <Filter>소스 파일\BaekJoon</Filter>
    </ClCompile>
    <ClCompile Include="quick_sort.c">
      <Filter>소스 파일\Lecture</Filter>
    </ClCompile>
    <ClCompile Include="bubble_sort.c">
      <Filter>소스 파일\Lecture</Filter>
    </ClCompile>
    <ClCompile Include="2751.c">
      <Filter>소스 파일\BaekJoon</Filter>
    </ClCompile>
    <ClCompile Include="1427.c">
      <Filter>소스 파일\BaekJoon</Filter>
    </ClCompile>
    <ClCompile Include="merge_sort.c">
      <Filter>소스 파일\Lecture</Filter>
    </ClCompile>
    <ClCompile Include="10814.c">
      <Filter>소스 파일\BaekJoon</Filter>
    </ClCompile>
    <ClCompile Include="11650.c">
      <Filter>소스 파일\BaekJoon</Filter>
    </ClCompile>
    <ClCompile Include="sort_function1.cpp">
      <Filter>소스 파일\Lecture</Filter>
    </ClCompile>
    <ClCompile Include="11651.c">
      <Filter>소스 파일\BaekJoon</Filter>
    </ClCompile>
    <ClCompile Include="11004.cpp">
      <Filter>소스 파일\BaekJoon</Filter>
    </ClCompile>
    <ClCompile Include="10825.cpp">
      <Filter>소스 파일\BaekJoon</Filter>
    </ClCompile>
    <ClCompile Include="counting_sort.c">
      <Filter>소스 파일\Lecture</Filter>
    </ClCompile>
    <ClCompile Include="3047.cpp">
      <Filter>소스 파일\BaekJoon</Filter>
    </ClCompile>
    <ClCompile Include="11652.cpp">
      <Filter>소스 파일\BaekJoon</Filter>
    </ClCompile>
    <ClCompile Include="heap_sort.c">
      <Filter>소스 파일\Lecture</Filter>
    </ClCompile>
    <ClCompile Include="1181.cpp">
      <Filter>소스 파일\BaekJoon</Filter>
    </ClCompile>
    <ClCompile Include="1431.cpp">
      <Filter>소스 파일\BaekJoon</Filter>
    </ClCompile>
    <ClCompile Include="10989.cpp">
      <Filter>소스 파일\BaekJoon</Filter>
    </ClCompile>
    <ClCompile Include="stack.cpp">
      <Filter>소스 파일\Lecture</Filter>
    </ClCompile>
    <ClCompile Include="10828.cpp">
      <Filter>소스 파일\BaekJoon</Filter>
    </ClCompile>
    <ClCompile Include="10845.cpp">
      <Filter>소스 파일\BaekJoon</Filter>
    </ClCompile>
    <ClCompile Include="dfs.cpp">
      <Filter>소스 파일\Lecture</Filter>
    </ClCompile>
    <ClCompile Include="9012.cpp">
      <Filter>소스 파일\BaekJoon</Filter>
    </ClCompile>
    <ClCompile Include="union_find.cpp">
      <Filter>소스 파일\Lecture</Filter>
    </ClCompile>
    <ClCompile Include="14502.cpp">
      <Filter>소스 파일\BaekJoon</Filter>
    </ClCompile>
  </ItemGroup>
</Project>